#MicroXplorer Configuration settings - do not modify
BootLoader.IPs=DDR,RCC,TAMP,I2C4,SDMMC1,USART6,USART2,USB_OTG_HS
BootROM.IPs=RCC,TAMP,SDMMC1,USART6,USB_OTG_HS
CAD.formats=
CAD.pinconfig=
CAD.provider=
CortexA7NS.IPs=BSEC,DDR,ETZPC,HSEM,IPCC,PWR,RCC,RTC,TAMP,GPIO,DMA,GIC,I2C4,SDMMC1,USART6,USART2,SPI6,SPI3,I2S3,SPI4,QUADSPI,I2C2,SDMMC2,USBH_HS1,USB_OTG_HS
CortexA7S.IPs=BSEC,DDR,ETZPC,HSEM,PWR,RCC,RNG1,RTC,TAMP,GIC\:I,I2C4
CortexM4.IPs=IPCC,ETZPC,FREERTOS,HSEM,PWR,RCC,SYS\:I,GPIO,DMA,NVIC\:I
DDR.ADDRMAP1=0x00070707
DDR.ADDRMAP3=0x1F000000
DDR.ADDRMAP5=0x06060606
DDR.ADDRMAP6=0x0F070706
DDR.DDR_Frequency=408.0
DDR.DFITMG0=0x02060105
DDR.DRAMTMG0=0x11151B10
DDR.DRAMTMG1=0x000A0417
DDR.DRAMTMG4=0x07040507
DDR.DRAMTMG5=0x05050403
DDR.DTPR0=0x2EB077D0
DDR.DTPR1=0x096B00A8
DDR.DTPR2=0x10022A00
DDR.IPParameters=DDR_Frequency,RL,MSTR,RFSHTMG,DRAMTMG0,DRAMTMG1,DRAMTMG4,DRAMTMG5,SCHED,ADDRMAP1,ADDRMAP3,ADDRMAP5,ADDRMAP6,PTR0,PTR1,PTR2,DTPR0,DTPR1,DTPR2,MR0,DFITMG0
DDR.MR0=0x00000640
DDR.MSTR=0x00041401
DDR.PTR0=0x00220A55
DDR.PTR1=0x037B1CE0
DDR.PTR2=0x042D3EC0
DDR.RFSHTMG=0x0063006B
DDR.RL=8
DDR.SCHED=0x00000C01
DDR_A0.GPIOParameters=PinAttribute
DDR_A0.Mode=DDR3
DDR_A0.PinAttribute=BootLoader,CortexA7S,CortexA7NS
DDR_A0.Signal=DDR_A0
DDR_A1.GPIOParameters=PinAttribute
DDR_A1.Mode=DDR3
DDR_A1.PinAttribute=BootLoader,CortexA7S,CortexA7NS
DDR_A1.Signal=DDR_A1
DDR_A10.GPIOParameters=PinAttribute
DDR_A10.Mode=DDR3
DDR_A10.PinAttribute=BootLoader,CortexA7S,CortexA7NS
DDR_A10.Signal=DDR_A10
DDR_A11.GPIOParameters=PinAttribute
DDR_A11.Mode=DDR3
DDR_A11.PinAttribute=BootLoader,CortexA7S,CortexA7NS
DDR_A11.Signal=DDR_A11
DDR_A12.GPIOParameters=PinAttribute
DDR_A12.Mode=4Gb_16bits
DDR_A12.PinAttribute=BootLoader,CortexA7S,CortexA7NS
DDR_A12.Signal=DDR_A12
DDR_A13.GPIOParameters=PinAttribute
DDR_A13.Mode=4Gb_16bits
DDR_A13.PinAttribute=BootLoader,CortexA7S,CortexA7NS
DDR_A13.Signal=DDR_A13
DDR_A14.GPIOParameters=PinAttribute
DDR_A14.Mode=4Gb_16bits
DDR_A14.PinAttribute=BootLoader,CortexA7S,CortexA7NS
DDR_A14.Signal=DDR_A14
DDR_A2.GPIOParameters=PinAttribute
DDR_A2.Mode=DDR3
DDR_A2.PinAttribute=BootLoader,CortexA7S,CortexA7NS
DDR_A2.Signal=DDR_A2
DDR_A3.GPIOParameters=PinAttribute
DDR_A3.Mode=DDR3
DDR_A3.PinAttribute=BootLoader,CortexA7S,CortexA7NS
DDR_A3.Signal=DDR_A3
DDR_A4.GPIOParameters=PinAttribute
DDR_A4.Mode=DDR3
DDR_A4.PinAttribute=BootLoader,CortexA7S,CortexA7NS
DDR_A4.Signal=DDR_A4
DDR_A5.GPIOParameters=PinAttribute
DDR_A5.Mode=DDR3
DDR_A5.PinAttribute=BootLoader,CortexA7S,CortexA7NS
DDR_A5.Signal=DDR_A5
DDR_A6.GPIOParameters=PinAttribute
DDR_A6.Mode=DDR3
DDR_A6.PinAttribute=BootLoader,CortexA7S,CortexA7NS
DDR_A6.Signal=DDR_A6
DDR_A7.GPIOParameters=PinAttribute
DDR_A7.Mode=DDR3
DDR_A7.PinAttribute=BootLoader,CortexA7S,CortexA7NS
DDR_A7.Signal=DDR_A7
DDR_A8.GPIOParameters=PinAttribute
DDR_A8.Mode=DDR3
DDR_A8.PinAttribute=BootLoader,CortexA7S,CortexA7NS
DDR_A8.Signal=DDR_A8
DDR_A9.GPIOParameters=PinAttribute
DDR_A9.Mode=DDR3
DDR_A9.PinAttribute=BootLoader,CortexA7S,CortexA7NS
DDR_A9.Signal=DDR_A9
DDR_ATO.GPIOParameters=PinAttribute
DDR_ATO.Mode=DDR3
DDR_ATO.PinAttribute=BootLoader,CortexA7S,CortexA7NS
DDR_ATO.Signal=DDR_ATO
DDR_BA0.GPIOParameters=PinAttribute
DDR_BA0.Mode=DDR3
DDR_BA0.PinAttribute=BootLoader,CortexA7S,CortexA7NS
DDR_BA0.Signal=DDR_BA0
DDR_BA1.GPIOParameters=PinAttribute
DDR_BA1.Mode=DDR3
DDR_BA1.PinAttribute=BootLoader,CortexA7S,CortexA7NS
DDR_BA1.Signal=DDR_BA1
DDR_BA2.GPIOParameters=PinAttribute
DDR_BA2.Mode=DDR3
DDR_BA2.PinAttribute=BootLoader,CortexA7S,CortexA7NS
DDR_BA2.Signal=DDR_BA2
DDR_CASN.GPIOParameters=PinAttribute
DDR_CASN.Mode=DDR3
DDR_CASN.PinAttribute=BootLoader,CortexA7S,CortexA7NS
DDR_CASN.Signal=DDR_CASN
DDR_CKE.GPIOParameters=PinAttribute
DDR_CKE.Mode=DDR3
DDR_CKE.PinAttribute=BootLoader,CortexA7S,CortexA7NS
DDR_CKE.Signal=DDR_CKE
DDR_CLKN.GPIOParameters=PinAttribute
DDR_CLKN.Mode=DDR3
DDR_CLKN.PinAttribute=BootLoader,CortexA7S,CortexA7NS
DDR_CLKN.Signal=DDR_CLKN
DDR_CLKP.GPIOParameters=PinAttribute
DDR_CLKP.Mode=DDR3
DDR_CLKP.PinAttribute=BootLoader,CortexA7S,CortexA7NS
DDR_CLKP.Signal=DDR_CLKP
DDR_CSN.GPIOParameters=PinAttribute
DDR_CSN.Mode=DDR3
DDR_CSN.PinAttribute=BootLoader,CortexA7S,CortexA7NS
DDR_CSN.Signal=DDR_CSN
DDR_DQ0.GPIOParameters=PinAttribute
DDR_DQ0.Mode=DDR3
DDR_DQ0.PinAttribute=BootLoader,CortexA7S,CortexA7NS
DDR_DQ0.Signal=DDR_DQ0
DDR_DQ1.GPIOParameters=PinAttribute
DDR_DQ1.Mode=DDR3
DDR_DQ1.PinAttribute=BootLoader,CortexA7S,CortexA7NS
DDR_DQ1.Signal=DDR_DQ1
DDR_DQ10.GPIOParameters=PinAttribute
DDR_DQ10.Mode=DDR3
DDR_DQ10.PinAttribute=BootLoader,CortexA7S,CortexA7NS
DDR_DQ10.Signal=DDR_DQ10
DDR_DQ11.GPIOParameters=PinAttribute
DDR_DQ11.Mode=DDR3
DDR_DQ11.PinAttribute=BootLoader,CortexA7S,CortexA7NS
DDR_DQ11.Signal=DDR_DQ11
DDR_DQ12.GPIOParameters=PinAttribute
DDR_DQ12.Mode=DDR3
DDR_DQ12.PinAttribute=BootLoader,CortexA7S,CortexA7NS
DDR_DQ12.Signal=DDR_DQ12
DDR_DQ13.GPIOParameters=PinAttribute
DDR_DQ13.Mode=DDR3
DDR_DQ13.PinAttribute=BootLoader,CortexA7S,CortexA7NS
DDR_DQ13.Signal=DDR_DQ13
DDR_DQ14.GPIOParameters=PinAttribute
DDR_DQ14.Mode=DDR3
DDR_DQ14.PinAttribute=BootLoader,CortexA7S,CortexA7NS
DDR_DQ14.Signal=DDR_DQ14
DDR_DQ15.GPIOParameters=PinAttribute
DDR_DQ15.Mode=DDR3
DDR_DQ15.PinAttribute=BootLoader,CortexA7S,CortexA7NS
DDR_DQ15.Signal=DDR_DQ15
DDR_DQ2.GPIOParameters=PinAttribute
DDR_DQ2.Mode=DDR3
DDR_DQ2.PinAttribute=BootLoader,CortexA7S,CortexA7NS
DDR_DQ2.Signal=DDR_DQ2
DDR_DQ3.GPIOParameters=PinAttribute
DDR_DQ3.Mode=DDR3
DDR_DQ3.PinAttribute=BootLoader,CortexA7S,CortexA7NS
DDR_DQ3.Signal=DDR_DQ3
DDR_DQ4.GPIOParameters=PinAttribute
DDR_DQ4.Mode=DDR3
DDR_DQ4.PinAttribute=BootLoader,CortexA7S,CortexA7NS
DDR_DQ4.Signal=DDR_DQ4
DDR_DQ5.GPIOParameters=PinAttribute
DDR_DQ5.Mode=DDR3
DDR_DQ5.PinAttribute=BootLoader,CortexA7S,CortexA7NS
DDR_DQ5.Signal=DDR_DQ5
DDR_DQ6.GPIOParameters=PinAttribute
DDR_DQ6.Mode=DDR3
DDR_DQ6.PinAttribute=BootLoader,CortexA7S,CortexA7NS
DDR_DQ6.Signal=DDR_DQ6
DDR_DQ7.GPIOParameters=PinAttribute
DDR_DQ7.Mode=DDR3
DDR_DQ7.PinAttribute=BootLoader,CortexA7S,CortexA7NS
DDR_DQ7.Signal=DDR_DQ7
DDR_DQ8.GPIOParameters=PinAttribute
DDR_DQ8.Mode=DDR3
DDR_DQ8.PinAttribute=BootLoader,CortexA7S,CortexA7NS
DDR_DQ8.Signal=DDR_DQ8
DDR_DQ9.GPIOParameters=PinAttribute
DDR_DQ9.Mode=DDR3
DDR_DQ9.PinAttribute=BootLoader,CortexA7S,CortexA7NS
DDR_DQ9.Signal=DDR_DQ9
DDR_DQM0.GPIOParameters=PinAttribute
DDR_DQM0.Mode=DDR3
DDR_DQM0.PinAttribute=BootLoader,CortexA7S,CortexA7NS
DDR_DQM0.Signal=DDR_DQM0
DDR_DQM1.GPIOParameters=PinAttribute
DDR_DQM1.Mode=DDR3
DDR_DQM1.PinAttribute=BootLoader,CortexA7S,CortexA7NS
DDR_DQM1.Signal=DDR_DQM1
DDR_DQS0N.GPIOParameters=PinAttribute
DDR_DQS0N.Mode=DDR3
DDR_DQS0N.PinAttribute=BootLoader,CortexA7S,CortexA7NS
DDR_DQS0N.Signal=DDR_DQS0N
DDR_DQS0P.GPIOParameters=PinAttribute
DDR_DQS0P.Mode=DDR3
DDR_DQS0P.PinAttribute=BootLoader,CortexA7S,CortexA7NS
DDR_DQS0P.Signal=DDR_DQS0P
DDR_DQS1N.GPIOParameters=PinAttribute
DDR_DQS1N.Mode=DDR3
DDR_DQS1N.PinAttribute=BootLoader,CortexA7S,CortexA7NS
DDR_DQS1N.Signal=DDR_DQS1N
DDR_DQS1P.GPIOParameters=PinAttribute
DDR_DQS1P.Mode=DDR3
DDR_DQS1P.PinAttribute=BootLoader,CortexA7S,CortexA7NS
DDR_DQS1P.Signal=DDR_DQS1P
DDR_DTO0.GPIOParameters=PinAttribute
DDR_DTO0.Mode=DDR3
DDR_DTO0.PinAttribute=BootLoader,CortexA7S,CortexA7NS
DDR_DTO0.Signal=DDR_DTO0
DDR_DTO1.GPIOParameters=PinAttribute
DDR_DTO1.Mode=DDR3
DDR_DTO1.PinAttribute=BootLoader,CortexA7S,CortexA7NS
DDR_DTO1.Signal=DDR_DTO1
DDR_ODT.GPIOParameters=PinAttribute
DDR_ODT.Mode=DDR3
DDR_ODT.PinAttribute=BootLoader,CortexA7S,CortexA7NS
DDR_ODT.Signal=DDR_ODT
DDR_RASN.GPIOParameters=PinAttribute
DDR_RASN.Mode=DDR3
DDR_RASN.PinAttribute=BootLoader,CortexA7S,CortexA7NS
DDR_RASN.Signal=DDR_RASN
DDR_RESETN.GPIOParameters=PinAttribute
DDR_RESETN.Mode=DDR3
DDR_RESETN.PinAttribute=BootLoader,CortexA7S,CortexA7NS
DDR_RESETN.Signal=DDR_RESETN
DDR_VREF.GPIOParameters=PinAttribute
DDR_VREF.Mode=DDR3
DDR_VREF.PinAttribute=BootLoader,CortexA7S,CortexA7NS
DDR_VREF.Signal=DDR_VREF
DDR_WEN.GPIOParameters=PinAttribute
DDR_WEN.Mode=DDR3
DDR_WEN.PinAttribute=BootLoader,CortexA7S,CortexA7NS
DDR_WEN.Signal=DDR_WEN
DDR_ZQ.GPIOParameters=PinAttribute
DDR_ZQ.Mode=DDR3
DDR_ZQ.PinAttribute=BootLoader,CortexA7S,CortexA7NS
DDR_ZQ.Signal=DDR_ZQ
Dma.Request0=SPI3_RX
Dma.Request1=SPI3_TX
Dma.RequestsNb=2
Dma.SPI3_RX.0.Direction=DMA_PERIPH_TO_MEMORY
Dma.SPI3_RX.0.EventEnable=DISABLE
Dma.SPI3_RX.0.FIFOMode=DMA_FIFOMODE_DISABLE
Dma.SPI3_RX.0.Instance=DMA1_Stream0
Dma.SPI3_RX.0.MDMA_Chaining=ENABLE
Dma.SPI3_RX.0.Mandatory=DISABLE
Dma.SPI3_RX.0.MemDataAlignment=DMA_MDATAALIGN_BYTE
Dma.SPI3_RX.0.MemInc=DMA_MINC_ENABLE
Dma.SPI3_RX.0.Mode=DMA_NORMAL
Dma.SPI3_RX.0.PeriphDataAlignment=DMA_PDATAALIGN_BYTE
Dma.SPI3_RX.0.PeriphInc=DMA_PINC_DISABLE
Dma.SPI3_RX.0.Polarity=HAL_DMAMUX_REQ_GEN_RISING
Dma.SPI3_RX.0.Priority=DMA_PRIORITY_LOW
Dma.SPI3_RX.0.RequestNumber=1
Dma.SPI3_RX.0.RequestParameters=Instance,Direction,PeriphInc,MemInc,PeriphDataAlignment,MemDataAlignment,Mode,Priority,FIFOMode,SignalID,Polarity,RequestNumber,SyncSignalID,SyncPolarity,SyncEnable,EventEnable,SyncRequestNumber,MDMA_Chaining,Mandatory
Dma.SPI3_RX.0.SignalID=NONE
Dma.SPI3_RX.0.SyncEnable=DISABLE
Dma.SPI3_RX.0.SyncPolarity=HAL_DMAMUX_SYNC_NO_EVENT
Dma.SPI3_RX.0.SyncRequestNumber=1
Dma.SPI3_RX.0.SyncSignalID=NONE
Dma.SPI3_TX.1.Direction=DMA_MEMORY_TO_PERIPH
Dma.SPI3_TX.1.EventEnable=DISABLE
Dma.SPI3_TX.1.FIFOMode=DMA_FIFOMODE_DISABLE
Dma.SPI3_TX.1.Instance=DMA1_Stream1
Dma.SPI3_TX.1.MDMA_Chaining=ENABLE
Dma.SPI3_TX.1.Mandatory=DISABLE
Dma.SPI3_TX.1.MemDataAlignment=DMA_MDATAALIGN_BYTE
Dma.SPI3_TX.1.MemInc=DMA_MINC_ENABLE
Dma.SPI3_TX.1.Mode=DMA_NORMAL
Dma.SPI3_TX.1.PeriphDataAlignment=DMA_PDATAALIGN_BYTE
Dma.SPI3_TX.1.PeriphInc=DMA_PINC_DISABLE
Dma.SPI3_TX.1.Polarity=HAL_DMAMUX_REQ_GEN_RISING
Dma.SPI3_TX.1.Priority=DMA_PRIORITY_LOW
Dma.SPI3_TX.1.RequestNumber=1
Dma.SPI3_TX.1.RequestParameters=Instance,Direction,PeriphInc,MemInc,PeriphDataAlignment,MemDataAlignment,Mode,Priority,FIFOMode,SignalID,Polarity,RequestNumber,SyncSignalID,SyncPolarity,SyncEnable,EventEnable,SyncRequestNumber,MDMA_Chaining,Mandatory
Dma.SPI3_TX.1.SignalID=NONE
Dma.SPI3_TX.1.SyncEnable=DISABLE
Dma.SPI3_TX.1.SyncPolarity=HAL_DMAMUX_SYNC_NO_EVENT
Dma.SPI3_TX.1.SyncRequestNumber=1
Dma.SPI3_TX.1.SyncSignalID=NONE
File.Version=6
GIC.DMA1_Stream0_IRQn=true\:false\:High level
GIC.DMA1_Stream1_IRQn=true\:false\:High level
GIC.DMA1_Stream2_IRQn=true\:false\:High level
GIC.DMA1_Stream3_IRQn=true\:false\:High level
GIC.DMA1_Stream4_IRQn=true\:false\:High level
GIC.DMA1_Stream5_IRQn=true\:false\:High level
GIC.DMA1_Stream6_IRQn=true\:false\:High level
GIC.DMA1_Stream7_IRQn=true\:false\:High level
GIC.I2C2_ER_IRQn=true\:false\:High level
GIC.I2C2_EV_IRQn=true\:false\:High level
GIC.I2C4_ER_IRQn=true\:false\:High level
GIC.I2C4_EV_IRQn=true\:false\:High level
GIC.MDMA_IRQn=true\:false\:High level
GIC.OTG_IRQn=true\:false\:High level
GIC.QUADSPI_IRQn=true\:false\:High level
GIC.RCC_IRQn=true\:false\:High level
GIC.RTC_WKUP_ALARM_IRQn=true\:false\:High level
GIC.SDMMC1_IRQn=true\:false\:High level
GIC.SDMMC2_IRQn=true\:false\:High level
GIC.SPI3_IRQn=true\:false\:High level
GIC.SPI4_IRQn=true\:false\:High level
GIC.SPI6_IRQn=true\:false\:High level
GIC.USART2_IRQn=true\:false\:High level
GIC.USART6_IRQn=true\:false\:High level
GIC.USBH_OHCI_IRQn=true\:false\:High level
GPIO.groupedBy=
I2C2.IPParameters=Timing
I2C2.Timing=0x10C0EEFF
I2C4.IPParameters=Timing
I2C4.Timing=0x00506682
KeepUserPlacement=false
Mcu.CPN=STM32MP151AAB3
Mcu.Context0=BootROM
Mcu.Context1=BootLoader
Mcu.Context2=CortexA7S
Mcu.Context3=CortexA7NS
Mcu.Context4=CortexM4
Mcu.ContextNb=5
Mcu.Family=STM32MP1
Mcu.IP0=BSEC
Mcu.IP1=DDR
Mcu.IP10=RCC
Mcu.IP11=RTC
Mcu.IP12=SDMMC1
Mcu.IP13=SDMMC2
Mcu.IP14=SPI3
Mcu.IP15=SPI4
Mcu.IP16=SPI6
Mcu.IP17=SYS
Mcu.IP18=TAMP
Mcu.IP19=USART2
Mcu.IP2=DMA
Mcu.IP20=USART6
Mcu.IP21=USBH_HS1
Mcu.IP22=USB_OTG_HS
Mcu.IP3=ETZPC
Mcu.IP4=GIC
Mcu.IP5=I2C2
Mcu.IP6=I2C4
Mcu.IP7=MDMA
Mcu.IP8=NVIC
Mcu.IP9=QUADSPI
Mcu.IPNb=23
Mcu.Name=STM32MP151AABx
Mcu.Package=LFBGA354
Mcu.Pin0=PG15
Mcu.Pin1=PE3
Mcu.Pin10=PE6
Mcu.Pin100=DDR_VREF
Mcu.Pin101=DDR_DQ15
Mcu.Pin102=DDR_DQ12
Mcu.Pin103=VP_BSEC_VS_BSEC
Mcu.Pin104=VP_DDR_DDR3
Mcu.Pin105=VP_DDR_DDR_16_bits
Mcu.Pin106=VP_DDR_DDR3_16_4Gb
Mcu.Pin107=VP_ETZPC_VS_ETZPC
Mcu.Pin108=VP_RTC_VS_RTC_Activate
Mcu.Pin109=VP_SYS_VS_Systick
Mcu.Pin11=PD7
Mcu.Pin110=VP_TAMP_VS_TAMP_Activate
Mcu.Pin111=VP_DMA_VS_DMA1_A7NS
Mcu.Pin112=VP_DMA_VS_DMA2_M4
Mcu.Pin113=VP_MDMA_VS_MDMA_A7NS_8
Mcu.Pin12=PB7
Mcu.Pin13=PE5
Mcu.Pin14=PA8
Mcu.Pin15=PB4
Mcu.Pin16=PD2
Mcu.Pin17=PE4
Mcu.Pin18=DDR_DQ3
Mcu.Pin19=DDR_DQ7
Mcu.Pin2=PG6
Mcu.Pin20=DDR_DQS0N
Mcu.Pin21=PE0
Mcu.Pin22=PD10
Mcu.Pin23=PC12
Mcu.Pin24=PC8
Mcu.Pin25=DDR_DQM0
Mcu.Pin26=DDR_DQS0P
Mcu.Pin27=PE12
Mcu.Pin28=PE14
Mcu.Pin29=PC6
Mcu.Pin3=PB3
Mcu.Pin30=PC10
Mcu.Pin31=DDR_DQ5
Mcu.Pin32=DDR_DQ2
Mcu.Pin33=DDR_DQ6
Mcu.Pin34=PD6
Mcu.Pin35=DDR_A7
Mcu.Pin36=DDR_DQ4
Mcu.Pin37=PG12
Mcu.Pin38=DDR_A13
Mcu.Pin39=DDR_ZQ
Mcu.Pin4=PB15
Mcu.Pin40=DDR_A3
Mcu.Pin41=DDR_RESETN
Mcu.Pin42=DDR_A9
Mcu.Pin43=DDR_A2
Mcu.Pin44=DDR_BA0
Mcu.Pin45=PC14-OSC32_IN
Mcu.Pin46=PC15-OSC32_OUT
Mcu.Pin47=DDR_A5
Mcu.Pin48=DDR_A0
Mcu.Pin49=DDR_ODT
Mcu.Pin5=PC7
Mcu.Pin50=DDR_BA2
Mcu.Pin51=DDR_WEN
Mcu.Pin52=DDR_CSN
Mcu.Pin53=DDR_DTO1
Mcu.Pin54=DDR_CASN
Mcu.Pin55=DDR_DTO0
Mcu.Pin56=DDR_CLKN
Mcu.Pin57=DDR_A12
Mcu.Pin58=DDR_RASN
Mcu.Pin59=DDR_CLKP
Mcu.Pin6=PC9
Mcu.Pin60=PH0-OSC_IN
Mcu.Pin61=PH1-OSC_OUT
Mcu.Pin62=DDR_A1
Mcu.Pin63=DDR_A11
Mcu.Pin64=DDR_A10
Mcu.Pin65=DDR_A6
Mcu.Pin66=DDR_BA1
Mcu.Pin67=DDR_A14
Mcu.Pin68=DDR_ATO
Mcu.Pin69=DDR_A4
Mcu.Pin7=PC11
Mcu.Pin70=DDR_DQ8
Mcu.Pin71=DDR_CKE
Mcu.Pin72=PA0
Mcu.Pin73=DDR_A8
Mcu.Pin74=DDR_DQ10
Mcu.Pin75=PB5
Mcu.Pin76=PB6
Mcu.Pin77=PA10
Mcu.Pin78=DDR_DQ9
Mcu.Pin79=DDR_DQ13
Mcu.Pin8=DDR_DQ0
Mcu.Pin80=DDR_DQS1N
Mcu.Pin81=PG14
Mcu.Pin82=PG13
Mcu.Pin83=PA1
Mcu.Pin84=PG8
Mcu.Pin85=PF10
Mcu.Pin86=PF8
Mcu.Pin87=PD13
Mcu.Pin88=DDR_DQM1
Mcu.Pin89=DDR_DQS1P
Mcu.Pin9=DDR_DQ1
Mcu.Pin90=USB_DM2
Mcu.Pin91=USB_DP1
Mcu.Pin92=DDR_DQ14
Mcu.Pin93=DDR_DQ11
Mcu.Pin94=PA2
Mcu.Pin95=PB8
Mcu.Pin96=PF7
Mcu.Pin97=PF9
Mcu.Pin98=USB_DP2
Mcu.Pin99=USB_DM1
Mcu.PinsNb=114
Mcu.ThirdPartyNb=0
Mcu.UserConstants=
Mcu.UserName=STM32MP151AABx
Mdma.MDMA_Channel16.QUADSPI_FIFO_TH.0.BlockCount=0
Mdma.MDMA_Channel16.QUADSPI_FIFO_TH.0.BlockDataLength=0
Mdma.MDMA_Channel16.QUADSPI_FIFO_TH.0.BufferTransferLength=1
Mdma.MDMA_Channel16.QUADSPI_FIFO_TH.0.CircularMode=MDMA_LINEAR_LIST
Mdma.MDMA_Channel16.QUADSPI_FIFO_TH.0.DataAlignment=MDMA_DATAALIGN_PACKENABLE
Mdma.MDMA_Channel16.QUADSPI_FIFO_TH.0.DestBlockAddressOffset=0
Mdma.MDMA_Channel16.QUADSPI_FIFO_TH.0.DestBurst=MDMA_DEST_BURST_SINGLE
Mdma.MDMA_Channel16.QUADSPI_FIFO_TH.0.DestDataSize=MDMA_DEST_DATASIZE_BYTE
Mdma.MDMA_Channel16.QUADSPI_FIFO_TH.0.DestinationInc=MDMA_DEST_INC_DISABLE
Mdma.MDMA_Channel16.QUADSPI_FIFO_TH.0.DstAddress=0
Mdma.MDMA_Channel16.QUADSPI_FIFO_TH.0.Endianness=MDMA_LITTLE_ENDIANNESS_PRESERVE
Mdma.MDMA_Channel16.QUADSPI_FIFO_TH.0.Instance=MDMA_Channel16
Mdma.MDMA_Channel16.QUADSPI_FIFO_TH.0.Mandatory=DISABLE
Mdma.MDMA_Channel16.QUADSPI_FIFO_TH.0.MaskAddress=0
Mdma.MDMA_Channel16.QUADSPI_FIFO_TH.0.MaskData=0
Mdma.MDMA_Channel16.QUADSPI_FIFO_TH.0.Priority=MDMA_PRIORITY_LOW
Mdma.MDMA_Channel16.QUADSPI_FIFO_TH.0.Rank=First
Mdma.MDMA_Channel16.QUADSPI_FIFO_TH.0.RequestParameters=Instance,CircularMode,TransferTriggerMode,Priority,Endianness,SourceInc,DestinationInc,SourceDataSize,DestDataSize,DataAlignment,BufferTransferLength,SourceBurst,DestBurst,SourceBlockAddressOffset,DestBlockAddressOffset,MaskAddress,MaskData,SrcAddress,DstAddress,BlockDataLength,BlockCount,Rank,Mandatory
Mdma.MDMA_Channel16.QUADSPI_FIFO_TH.0.SourceBlockAddressOffset=0
Mdma.MDMA_Channel16.QUADSPI_FIFO_TH.0.SourceBurst=MDMA_SOURCE_BURST_SINGLE
Mdma.MDMA_Channel16.QUADSPI_FIFO_TH.0.SourceDataSize=MDMA_SRC_DATASIZE_BYTE
Mdma.MDMA_Channel16.QUADSPI_FIFO_TH.0.SourceInc=MDMA_SRC_INC_BYTE
Mdma.MDMA_Channel16.QUADSPI_FIFO_TH.0.SrcAddress=0
Mdma.MDMA_Channel16.QUADSPI_FIFO_TH.0.TransferTriggerMode=MDMA_BUFFER_TRANSFER
Mdma.MDMA_Channel16.Request0=QUADSPI_FIFO_TH
Mdma.MDMA_Channel16.RequestsNb=1
Mdma.RequestSet0=MDMA_Channel16
Mdma.RequestSetsNb=1
MxCube.Version=6.13.0
MxDb.Version=DB.6.0.130
NVIC.BusFault_IRQn=true\:1\:0\:false\:false\:true\:false\:false\:false
NVIC.DebugMonitor_IRQn=true\:1\:0\:false\:false\:true\:false\:false\:false
NVIC.ForceEnableDMAVector=true
NVIC.HardFault_IRQn=true\:0\:0\:false\:false\:true\:false\:false\:false
NVIC.MemoryManagement_IRQn=true\:1\:0\:false\:false\:true\:false\:false\:false
NVIC.NonMaskableInt_IRQn=true\:0\:0\:false\:false\:true\:false\:false\:false
NVIC.PendSV_IRQn=true\:1\:0\:false\:false\:true\:false\:false\:false
NVIC.PriorityGroup=NVIC_PRIORITYGROUP_4
NVIC.RCC_WAKEUP_IRQn=true\:0\:0\:false\:false\:true\:false\:true\:true
NVIC.SVCall_IRQn=true\:1\:0\:false\:false\:true\:false\:false\:false
NVIC.SysTick_IRQn=true\:15\:0\:false\:false\:true\:false\:true\:false
NVIC.UsageFault_IRQn=true\:1\:0\:false\:false\:true\:false\:false\:false
PA0.GPIOParameters=PinAttribute
PA0.Locked=true
PA0.PinAttribute=Free
PA0.Signal=GPXTI0
PA1.GPIOParameters=PinAttribute
PA1.Mode=Single Bank 1
PA1.PinAttribute=CortexA7NS
PA1.Signal=QUADSPI_BK1_IO3
PA10.GPIOParameters=PinAttribute
PA10.Locked=true
PA10.Mode=NSS_Signal_Hard_Output
PA10.PinAttribute=CortexA7NS
PA10.Signal=SPI3_NSS
PA2.GPIOParameters=PinAttribute
PA2.Mode=Asynchronous
PA2.PinAttribute=BootLoader,CortexA7NS
PA2.Signal=USART2_TX
PA8.GPIOParameters=PinAttribute
PA8.Mode=Full_Duplex_Master
PA8.PinAttribute=CortexA7NS
PA8.Signal=SPI3_MOSI
PB15.GPIOParameters=PinAttribute
PB15.Mode=SD_4_bits_Wide_bus
PB15.PinAttribute=CortexA7NS
PB15.Signal=SDMMC2_D1
PB3.GPIOParameters=PinAttribute
PB3.Mode=SD_4_bits_Wide_bus
PB3.PinAttribute=CortexA7NS
PB3.Signal=SDMMC2_D2
PB4.GPIOParameters=PinAttribute
PB4.Mode=SD_4_bits_Wide_bus
PB4.PinAttribute=CortexA7NS
PB4.Signal=SDMMC2_D3
PB5.GPIOParameters=PinAttribute
PB5.Locked=true
PB5.Mode=Full_Duplex_Master
PB5.PinAttribute=CortexA7NS
PB5.Signal=SPI6_MOSI
PB6.GPIOParameters=PinAttribute
PB6.Mode=Single Bank 1
PB6.PinAttribute=CortexA7NS
PB6.Signal=QUADSPI_BK1_NCS
PB7.GPIOParameters=PinAttribute
PB7.Locked=true
PB7.Mode=I2C
PB7.PinAttribute=BootLoader,CortexA7S,CortexA7NS
PB7.Signal=I2C4_SDA
PB8.GPIOParameters=PinAttribute
PB8.Locked=true
PB8.Mode=I2C
PB8.PinAttribute=BootLoader,CortexA7S,CortexA7NS
PB8.Signal=I2C4_SCL
PC10.GPIOParameters=PinAttribute
PC10.Locked=true
PC10.Mode=SD_4_bits_Wide_bus
PC10.PinAttribute=BootROM,BootLoader,CortexA7NS
PC10.Signal=SDMMC1_D2
PC11.GPIOParameters=PinAttribute
PC11.Mode=SD_4_bits_Wide_bus
PC11.PinAttribute=BootROM,BootLoader,CortexA7NS
PC11.Signal=SDMMC1_D3
PC12.GPIOParameters=PinAttribute
PC12.Mode=SD_4_bits_Wide_bus
PC12.PinAttribute=BootROM,BootLoader,CortexA7NS
PC12.Signal=SDMMC1_CK
PC14-OSC32_IN.GPIOParameters=PinAttribute
PC14-OSC32_IN.Mode=LSE-External-Oscillator
PC14-OSC32_IN.PinAttribute=BootROM,BootLoader,CortexA7S,CortexA7NS,CortexM4
PC14-OSC32_IN.Signal=RCC_OSC32_IN
PC15-OSC32_OUT.GPIOParameters=PinAttribute
PC15-OSC32_OUT.Mode=LSE-External-Oscillator
PC15-OSC32_OUT.PinAttribute=BootROM,BootLoader,CortexA7S,CortexA7NS,CortexM4
PC15-OSC32_OUT.Signal=RCC_OSC32_OUT
PC6.GPIOParameters=PinAttribute
PC6.Mode=Asynchronous
PC6.PinAttribute=BootROM,BootLoader,CortexA7NS
PC6.Signal=USART6_TX
PC7.GPIOParameters=PinAttribute
PC7.Mode=Asynchronous
PC7.PinAttribute=BootROM,BootLoader,CortexA7NS
PC7.Signal=USART6_RX
PC8.GPIOParameters=PinAttribute
PC8.Mode=SD_4_bits_Wide_bus
PC8.PinAttribute=BootROM,BootLoader,CortexA7NS
PC8.Signal=SDMMC1_D0
PC9.GPIOParameters=PinAttribute
PC9.Mode=SD_4_bits_Wide_bus
PC9.PinAttribute=BootROM,BootLoader,CortexA7NS
PC9.Signal=SDMMC1_D1
PD10.GPIOParameters=PinAttribute
PD10.Locked=true
PD10.Mode=Full_Duplex_Master
PD10.PinAttribute=CortexA7NS
PD10.Signal=SPI3_MISO
PD13.GPIOParameters=PinAttribute
PD13.Locked=true
PD13.PinAttribute=CortexA7NS
PD13.Signal=I2C1_SDA
PD2.GPIOParameters=PinAttribute
PD2.Mode=SD_4_bits_Wide_bus
PD2.PinAttribute=BootROM,BootLoader,CortexA7NS
PD2.Signal=SDMMC1_CMD
PD6.GPIOParameters=PinAttribute
PD6.Locked=true
PD6.Mode=Asynchronous
PD6.PinAttribute=BootLoader,CortexA7NS
PD6.Signal=USART2_RX
PD7.GPIOParameters=PinAttribute
PD7.Mode=I2C
PD7.PinAttribute=CortexA7NS
PD7.Signal=I2C2_SCL
PE0.GPIOParameters=PinAttribute
PE0.Locked=true
PE0.Mode=Full_Duplex_Master
PE0.PinAttribute=CortexA7NS
PE0.Signal=SPI3_SCK
PE12.GPIOParameters=PinAttribute
PE12.Mode=Full_Duplex_Master
PE12.PinAttribute=CortexA7NS
PE12.Signal=SPI4_SCK
PE14.GPIOParameters=PinAttribute
PE14.Locked=true
PE14.Mode=Full_Duplex_Master
PE14.PinAttribute=CortexA7NS
PE14.Signal=SPI4_MOSI
PE3.GPIOParameters=PinAttribute
PE3.Mode=SD_4_bits_Wide_bus
PE3.PinAttribute=CortexA7NS
PE3.Signal=SDMMC2_CK
PE4.GPIOParameters=PinAttribute
PE4.Mode=NSS_Signal_Hard_Output
PE4.PinAttribute=CortexA7NS
PE4.Signal=SPI4_NSS
PE5.GPIOParameters=PinAttribute
PE5.Mode=Full_Duplex_Master
PE5.PinAttribute=CortexA7NS
PE5.Signal=SPI4_MISO
PE6.GPIOParameters=PinAttribute
PE6.Mode=SD_4_bits_Wide_bus
PE6.PinAttribute=CortexA7NS
PE6.Signal=SDMMC2_D0
PF10.GPIOParameters=PinAttribute
PF10.Locked=true
PF10.Mode=Single Bank 1
PF10.PinAttribute=CortexA7NS
PF10.Signal=QUADSPI_CLK
PF7.GPIOParameters=PinAttribute
PF7.Mode=Single Bank 1
PF7.PinAttribute=CortexA7NS
PF7.Signal=QUADSPI_BK1_IO2
PF8.GPIOParameters=PinAttribute
PF8.Mode=Single Bank 1
PF8.PinAttribute=CortexA7NS
PF8.Signal=QUADSPI_BK1_IO0
PF9.GPIOParameters=PinAttribute
PF9.Locked=true
PF9.Mode=Single Bank 1
PF9.PinAttribute=CortexA7NS
PF9.Signal=QUADSPI_BK1_IO1
PG12.GPIOParameters=PinAttribute
PG12.Locked=true
PG12.Mode=Full_Duplex_Master
PG12.PinAttribute=CortexA7NS
PG12.Signal=SPI6_MISO
PG13.GPIOParameters=PinAttribute
PG13.Locked=true
PG13.Mode=Full_Duplex_Master
PG13.PinAttribute=CortexA7NS
PG13.Signal=SPI6_SCK
PG14.GPIOParameters=GPIO_Label,PinAttribute
PG14.GPIO_Label=SD_DET
PG14.Locked=true
PG14.PinAttribute=Free
PG14.Signal=GPIO_Input
PG15.GPIOParameters=PinAttribute
PG15.Mode=I2C
PG15.PinAttribute=CortexA7NS
PG15.Signal=I2C2_SDA
PG6.GPIOParameters=PinAttribute
PG6.Mode=SD_4_bits_Wide_bus
PG6.PinAttribute=CortexA7NS
PG6.Signal=SDMMC2_CMD
PG8.GPIOParameters=PinAttribute
PG8.Locked=true
PG8.Mode=NSS_Signal_Hard_Output
PG8.PinAttribute=CortexA7NS
PG8.Signal=SPI6_NSS
PH0-OSC_IN.GPIOParameters=PinAttribute
PH0-OSC_IN.Mode=HSE-External-Oscillator
PH0-OSC_IN.PinAttribute=BootROM,BootLoader,CortexA7S,CortexA7NS,CortexM4
PH0-OSC_IN.Signal=RCC_OSC_IN
PH1-OSC_OUT.GPIOParameters=PinAttribute
PH1-OSC_OUT.Mode=HSE-External-Oscillator
PH1-OSC_OUT.PinAttribute=BootROM,BootLoader,CortexA7S,CortexA7NS,CortexM4
PH1-OSC_OUT.Signal=RCC_OSC_OUT
PinOutPanel.CurrentBGAView=Top
PinOutPanel.RotationAngle=0
ProjectManager.AskForMigrate=true
ProjectManager.BackupPrevious=false
ProjectManager.CompilerOptimize=6
ProjectManager.ComputerToolchain=false
ProjectManager.CoupleFile=false
ProjectManager.CustomerFirmwarePackage=
ProjectManager.DefaultFWLocation=true
ProjectManager.DeletePrevious=true
ProjectManager.DeviceId=STM32MP151AABx
ProjectManager.DeviceTreeLocation=
ProjectManager.DeviceTreeLocationCortexM=
ProjectManager.FirmwarePackage=STM32Cube FW_MP1 V1.6.0
ProjectManager.FreePins=false
ProjectManager.HalAssertFull=false
ProjectManager.HeapSize=0x200
ProjectManager.KeepUserCode=true
ProjectManager.LastFirmware=true
ProjectManager.LibraryCopy=1
ProjectManager.MainLocation=Src
ProjectManager.NoMain=false
ProjectManager.PreviousToolchain=STM32CubeIDE
ProjectManager.ProjectBuild=false
ProjectManager.ProjectFileName=kaonic.ioc
ProjectManager.ProjectName=kaonic
ProjectManager.ProjectStructure=
ProjectManager.RegisterCallBack=
ProjectManager.StackSize=0x400
ProjectManager.TargetToolchain=STM32CubeIDE
ProjectManager.ToolChainLocation=
ProjectManager.UAScriptAfterPath=
ProjectManager.UAScriptBeforePath=
ProjectManager.UnderRoot=true
ProjectManager.functionlistsort=1-SystemClock_Config-RCC-false-HAL-true,2-MX_GPIO_Init-GPIO-false-HAL-true,3-MX_DMA_Init-DMA-false-HAL-true,4-MX_ETZPC_Init-ETZPC-false-HAL-true
RCC.ADCFreq_Value=19200000
RCC.AHB1234Freq_Value=201000000
RCC.APB1DIV=RCC_APB1_DIV2
RCC.APB1Freq_Value=100500000
RCC.APB2DIV=RCC_APB2_DIV2
RCC.APB2Freq_Value=100500000
RCC.APB3DIV=RCC_APB3_DIV2
RCC.APB3Freq_Value=100500000
RCC.APB4Freq_Value=24000000
RCC.APB5DIVClockFreq_Value=24000000
RCC.AXICLKFreq_VALUE=24000000
RCC.AXICLKSource=RCC_AXISSOURCE_HSE
RCC.AXIDIVFreq_Value=24000000
RCC.CECFreq_Value=32768
RCC.CKPERCLKFreq_VALUE=64000000
RCC.CSI_VALUE=4000000
RCC.CortexFreq_Value=201000000
RCC.DACCLKFreq_VALUE=32000
RCC.DDRCFreq_Value=408000000
RCC.DDRPERFMFreq_Value=408000000
RCC.DDRPHYFreq_Value=408000000
RCC.DFSDFAFreq_Value=240000000
RCC.DFSDMFreq_Value=201000000
RCC.DIVM2=2
RCC.DIVM3=4
RCC.DIVM4=2
RCC.DIVN2=34
RCC.DIVN3=67
RCC.DIVN4=40
RCC.DIVP1Freq_Value=18750000
RCC.DIVP2Freq_Value=204000000
RCC.DIVP3Freq_Value=201000000
RCC.DIVP4=3
RCC.DIVP4Freq_Value=160000000
RCC.DIVQ1Freq_Value=9375000
RCC.DIVQ2Freq_Value=204000000
RCC.DIVQ3Freq_Value=201000000
RCC.DIVQ4Freq_Value=240000000
RCC.DIVR1Freq_Value=9375000
RCC.DIVR2=1
RCC.DIVR2Freq_Value=408000000
RCC.DIVR3Freq_Value=201000000
RCC.DIVR4=25
RCC.DIVR4Freq_Value=19200000
RCC.DSIFreq_Value=60000000
RCC.DSIPixelFreq_Value=240000000
RCC.DSITXEscFreq_Value=15000000
RCC.DSI_VALUE=60000000
RCC.ETHFreq_Value=160000000
RCC.FDCANFreq_Value=24000000
RCC.FMCFreq_Value=24000000
RCC.FamilyName=M
RCC.HSE_VALUE=24000000
RCC.HSIDivClkFreq_Value=64000000
RCC.HSI_VALUE=64000000
RCC.Hclk5DIVFreq_Value=24000000
RCC.Hclk6DIVFreq_Value=24000000
RCC.I2C12Freq_Value=100500000
RCC.I2C35Freq_Value=100500000
RCC.I2C46Freq_Value=24000000
RCC.IPParameters=ADCFreq_Value,AHB1234Freq_Value,APB1DIV,APB1Freq_Value,APB2DIV,APB2Freq_Value,APB3DIV,APB3Freq_Value,APB4Freq_Value,APB5DIVClockFreq_Value,AXICLKFreq_VALUE,AXICLKSource,AXIDIVFreq_Value,CECFreq_Value,CKPERCLKFreq_VALUE,CSI_VALUE,CortexFreq_Value,DACCLKFreq_VALUE,DDRCFreq_Value,DDRPERFMFreq_Value,DDRPHYFreq_Value,DFSDFAFreq_Value,DFSDMFreq_Value,DIVM2,DIVM3,DIVM4,DIVN2,DIVN3,DIVN4,DIVP1Freq_Value,DIVP2Freq_Value,DIVP3Freq_Value,DIVP4,DIVP4Freq_Value,DIVQ1Freq_Value,DIVQ2Freq_Value,DIVQ3Freq_Value,DIVQ4Freq_Value,DIVR1Freq_Value,DIVR2,DIVR2Freq_Value,DIVR3Freq_Value,DIVR4,DIVR4Freq_Value,DSIFreq_Value,DSIPixelFreq_Value,DSITXEscFreq_Value,DSI_VALUE,ETHFreq_Value,FDCANFreq_Value,FMCFreq_Value,FamilyName,HSE_VALUE,HSIDivClkFreq_Value,HSI_VALUE,Hclk5DIVFreq_Value,Hclk6DIVFreq_Value,I2C12Freq_Value,I2C35Freq_Value,I2C46Freq_Value,LPTIM1Freq_Value,LPTIM23Freq_Value,LPTIM45Freq_Value,LSI_VALUE,LTDCFreq_Value,MCO1PinFreq_Value,MCO2PinFreq_Value,MCUCLKFreq_VALUE,MCUCLKSource,MCUClockFreq_Value,MCUDIVCLKFreq_Value,MPUCLKFreq_VALUE,PLL12Source,PLL1FRACV,PLL2FRACV,PLL3FRACV,PLL3Source,PLL4FRACV,PLL4PDSIFreq_Value,PLL4Source,PLLDSIFreq_Value,PLLDSIVCOFreq_Value,PUBLFreq_Value,QSPIFreq_Value,RNG1Freq_Value,RNG2Freq_Value,RTCClockSelection,RTCFreq_Value,SAI1Freq_Value,SAI2Freq_Value,SAI3Freq_Value,SAI4Freq_Value,SDMMC12Freq_Value,SDMMC3Freq_Value,SPDIFRXFreq_Value,SPI1Freq_Value,SPI23Freq_Value,SPI45Freq_Value,SPI6Freq_Value,STGENFreq_Value,Tim1OutputFreq_Value,Tim2OutputFreq_Value,UART78Freq_Value,USART1Freq_Value,USART24Freq_Value,USART35Freq_Value,USART6Freq_Value,USBOHSFreq_Value,USBPHYFreq_Value,VCO1OutputFreq_Value,VCO2OutputFreq_Value,VCO3OutputFreq_Value,VCO4OutputFreq_Value,VCOInput1Freq_Value,VCOInput2Freq_Value,VCOInput3Freq_Value,VCOInput4Freq_Value
RCC.LPTIM1Freq_Value=100500000
RCC.LPTIM23Freq_Value=100500000
RCC.LPTIM45Freq_Value=100500000
RCC.LSI_VALUE=32000
RCC.LTDCFreq_Value=240000000
RCC.MCO1PinFreq_Value=64000000
RCC.MCO2PinFreq_Value=64000000
RCC.MCUCLKFreq_VALUE=201000000
RCC.MCUCLKSource=RCC_MCUSSOURCE_PLL3
RCC.MCUClockFreq_Value=201000000
RCC.MCUDIVCLKFreq_Value=201000000
RCC.MPUCLKFreq_VALUE=64000000
RCC.PLL12Source=RCC_PLL12SOURCE_HSE
RCC.PLL1FRACV=0
RCC.PLL2FRACV=0
RCC.PLL3FRACV=0
RCC.PLL3Source=RCC_PLL3SOURCE_HSE
RCC.PLL4FRACV=0
RCC.PLL4PDSIFreq_Value=160000000
RCC.PLL4Source=RCC_PLL4SOURCE_HSE
RCC.PLLDSIFreq_Value=480000000
RCC.PLLDSIVCOFreq_Value=960000000
RCC.PUBLFreq_Value=408000000
RCC.QSPIFreq_Value=24000000
RCC.RNG1Freq_Value=4000000
RCC.RNG2Freq_Value=4000000
RCC.RTCClockSelection=RCC_RTCCLKSOURCE_LSE
RCC.RTCFreq_Value=32768
RCC.SAI1Freq_Value=240000000
RCC.SAI2Freq_Value=240000000
RCC.SAI3Freq_Value=240000000
RCC.SAI4Freq_Value=240000000
RCC.SDMMC12Freq_Value=24000000
RCC.SDMMC3Freq_Value=201000000
RCC.SPDIFRXFreq_Value=160000000
RCC.SPI1Freq_Value=160000000
RCC.SPI23Freq_Value=160000000
RCC.SPI45Freq_Value=100500000
RCC.SPI6Freq_Value=24000000
RCC.STGENFreq_Value=64000000
RCC.Tim1OutputFreq_Value=201000000
RCC.Tim2OutputFreq_Value=201000000
RCC.UART78Freq_Value=100500000
RCC.USART1Freq_Value=24000000
RCC.USART24Freq_Value=100500000
RCC.USART35Freq_Value=100500000
RCC.USART6Freq_Value=100500000
RCC.USBOHSFreq_Value=19200000
RCC.USBPHYFreq_Value=19200000
RCC.VCO1OutputFreq_Value=37500000
RCC.VCO2OutputFreq_Value=816000000
RCC.VCO3OutputFreq_Value=402000000
RCC.VCO4OutputFreq_Value=480000000
RCC.VCOInput1Freq_Value=750000
RCC.VCOInput2Freq_Value=12000000
RCC.VCOInput3Freq_Value=6000000
RCC.VCOInput4Freq_Value=12000000
SH.GPXTI0.0=GPIO_EXTI0
SH.GPXTI0.ConfNb=1
SPI3.BaudRatePrescaler=SPI_BAUDRATEPRESCALER_4
SPI3.CalculateBaudRate=40.0 MBits/s
SPI3.Direction=SPI_DIRECTION_2LINES
SPI3.IPParameters=VirtualType,Mode,Direction,CalculateBaudRate,VirtualNSS,BaudRatePrescaler
SPI3.Mode=SPI_MODE_MASTER
SPI3.VirtualNSS=VM_NSSHARD
SPI3.VirtualType=VM_MASTER
SPI4.CalculateBaudRate=25.125 MBits/s
SPI4.Direction=SPI_DIRECTION_2LINES
SPI4.IPParameters=VirtualType,Mode,Direction,CalculateBaudRate,VirtualNSS
SPI4.Mode=SPI_MODE_MASTER
SPI4.VirtualNSS=VM_NSSHARD
SPI4.VirtualType=VM_MASTER
SPI6.CalculateBaudRate=6.0 MBits/s
SPI6.Direction=SPI_DIRECTION_2LINES
SPI6.IPParameters=VirtualType,Mode,Direction,CalculateBaudRate,VirtualNSS
SPI6.Mode=SPI_MODE_MASTER
SPI6.VirtualNSS=VM_NSSHARD
SPI6.VirtualType=VM_MASTER
USART2.IPParameters=VirtualMode-Asynchronous
USART2.VirtualMode-Asynchronous=VM_ASYNC
USART6.IPParameters=VirtualMode-Asynchronous
USART6.VirtualMode-Asynchronous=VM_ASYNC
USB_DM1.GPIOParameters=PinAttribute
USB_DM1.Mode=Enable
USB_DM1.PinAttribute=CortexA7NS
USB_DM1.Signal=USBH_HS1_DM
USB_DM2.GPIOParameters=PinAttribute
USB_DM2.Mode=Ext_Phy_OTG/Dual-Role-Device-TypeC
USB_DM2.PinAttribute=BootROM,BootLoader,CortexA7NS
USB_DM2.Signal=USB_OTG_HS_DM
USB_DP1.GPIOParameters=PinAttribute
USB_DP1.Mode=Enable
USB_DP1.PinAttribute=CortexA7NS
USB_DP1.Signal=USBH_HS1_DP
USB_DP2.GPIOParameters=PinAttribute
USB_DP2.Mode=Ext_Phy_OTG/Dual-Role-Device-TypeC
USB_DP2.PinAttribute=BootROM,BootLoader,CortexA7NS
USB_DP2.Signal=USB_OTG_HS_DP
VP_BSEC_VS_BSEC.Mode=BSEC_Activate
VP_BSEC_VS_BSEC.Signal=BSEC_VS_BSEC
VP_DDR_DDR3.Mode=DDR3
VP_DDR_DDR3.Signal=DDR_DDR3
VP_DDR_DDR3_16_4Gb.Mode=4Gb_16bits
VP_DDR_DDR3_16_4Gb.Signal=DDR_DDR3_16_4Gb
VP_DDR_DDR_16_bits.Mode=16bits
VP_DDR_DDR_16_bits.Signal=DDR_DDR_16_bits
VP_DMA_VS_DMA1_A7NS.Mode=CortexA7NS
VP_DMA_VS_DMA1_A7NS.Signal=DMA_VS_DMA1_A7NS
VP_DMA_VS_DMA2_M4.Mode=CortexM4
VP_DMA_VS_DMA2_M4.Signal=DMA_VS_DMA2_M4
VP_ETZPC_VS_ETZPC.Mode=ETZPC_Activate
VP_ETZPC_VS_ETZPC.Signal=ETZPC_VS_ETZPC
VP_MDMA_VS_MDMA_A7NS_8.Mode=8\:8
VP_MDMA_VS_MDMA_A7NS_8.Signal=MDMA_VS_MDMA_A7NS_8
VP_RTC_VS_RTC_Activate.Mode=RTC_Enabled
VP_RTC_VS_RTC_Activate.Signal=RTC_VS_RTC_Activate
VP_SYS_VS_Systick.Mode=SysTick
VP_SYS_VS_Systick.Signal=SYS_VS_Systick
VP_TAMP_VS_TAMP_Activate.Mode=TAMP_Enabled
VP_TAMP_VS_TAMP_Activate.Signal=TAMP_VS_TAMP_Activate
board=custom
isbadioc=false
